// !$*UTF8*$!
{
	archiveVersion = 1;
	classes = {
	};
	objectVersion = 51;
	objects = {

/* Begin PBXBuildFile section */
		5288431324CBECEF00F0D31B /* AppDelegate.swift in Sources */ = {isa = PBXBuildFile; fileRef = 5288431224CBECEF00F0D31B /* AppDelegate.swift */; };
		5288431524CBECEF00F0D31B /* SceneDelegate.swift in Sources */ = {isa = PBXBuildFile; fileRef = 5288431424CBECEF00F0D31B /* SceneDelegate.swift */; };
		5288431724CBECEF00F0D31B /* ViewController.swift in Sources */ = {isa = PBXBuildFile; fileRef = 5288431624CBECEF00F0D31B /* ViewController.swift */; };
		5288431A24CBECEF00F0D31B /* Main.storyboard in Resources */ = {isa = PBXBuildFile; fileRef = 5288431824CBECEF00F0D31B /* Main.storyboard */; };
		5288431C24CBECF200F0D31B /* Assets.xcassets in Resources */ = {isa = PBXBuildFile; fileRef = 5288431B24CBECF200F0D31B /* Assets.xcassets */; };
		5288431F24CBECF200F0D31B /* LaunchScreen.storyboard in Resources */ = {isa = PBXBuildFile; fileRef = 5288431D24CBECF200F0D31B /* LaunchScreen.storyboard */; };
		5288432824CC054800F0D31B /* AboutViewController.swift in Sources */ = {isa = PBXBuildFile; fileRef = 5288432724CC054800F0D31B /* AboutViewController.swift */; };
		528F03D324D7C8AE007C4941 /* Displayable.swift in Sources */ = {isa = PBXBuildFile; fileRef = 528F03D224D7C8AE007C4941 /* Displayable.swift */; };
		52AE22C224D7B58F006F237B /* GameTableViewCell.swift in Sources */ = {isa = PBXBuildFile; fileRef = 52AE22C024D7B58F006F237B /* GameTableViewCell.swift */; };
		52AE22C324D7B58F006F237B /* GameTableViewCell.xib in Resources */ = {isa = PBXBuildFile; fileRef = 52AE22C124D7B58F006F237B /* GameTableViewCell.xib */; };
		52E2D73524D5CD1D001330BD /* GameModel.swift in Sources */ = {isa = PBXBuildFile; fileRef = 52E2D73424D5CD1D001330BD /* GameModel.swift */; };
		52E2D73724D5D20D001330BD /* GameResponse.swift in Sources */ = {isa = PBXBuildFile; fileRef = 52E2D73624D5D20D001330BD /* GameResponse.swift */; };
		8B159B6B328BB7A52874AF99 /* Pods_YuGame.framework in Frameworks */ = {isa = PBXBuildFile; fileRef = 02D682EA3D10DD5E4B40AC36 /* Pods_YuGame.framework */; };
/* End PBXBuildFile section */

/* Begin PBXFileReference section */
		02D682EA3D10DD5E4B40AC36 /* Pods_YuGame.framework */ = {isa = PBXFileReference; explicitFileType = wrapper.framework; includeInIndex = 0; path = Pods_YuGame.framework; sourceTree = BUILT_PRODUCTS_DIR; };
		5288430F24CBECEF00F0D31B /* YuGame.app */ = {isa = PBXFileReference; explicitFileType = wrapper.application; includeInIndex = 0; path = YuGame.app; sourceTree = BUILT_PRODUCTS_DIR; };
		5288431224CBECEF00F0D31B /* AppDelegate.swift */ = {isa = PBXFileReference; lastKnownFileType = sourcecode.swift; path = AppDelegate.swift; sourceTree = "<group>"; };
		5288431424CBECEF00F0D31B /* SceneDelegate.swift */ = {isa = PBXFileReference; lastKnownFileType = sourcecode.swift; path = SceneDelegate.swift; sourceTree = "<group>"; };
		5288431624CBECEF00F0D31B /* ViewController.swift */ = {isa = PBXFileReference; lastKnownFileType = sourcecode.swift; path = ViewController.swift; sourceTree = "<group>"; };
		5288431924CBECEF00F0D31B /* Base */ = {isa = PBXFileReference; lastKnownFileType = file.storyboard; name = Base; path = Base.lproj/Main.storyboard; sourceTree = "<group>"; };
		5288431B24CBECF200F0D31B /* Assets.xcassets */ = {isa = PBXFileReference; lastKnownFileType = folder.assetcatalog; path = Assets.xcassets; sourceTree = "<group>"; };
		5288431E24CBECF200F0D31B /* Base */ = {isa = PBXFileReference; lastKnownFileType = file.storyboard; name = Base; path = Base.lproj/LaunchScreen.storyboard; sourceTree = "<group>"; };
		5288432024CBECF200F0D31B /* Info.plist */ = {isa = PBXFileReference; lastKnownFileType = text.plist.xml; path = Info.plist; sourceTree = "<group>"; };
		5288432724CC054800F0D31B /* AboutViewController.swift */ = {isa = PBXFileReference; lastKnownFileType = sourcecode.swift; path = AboutViewController.swift; sourceTree = "<group>"; };
		528F03D224D7C8AE007C4941 /* Displayable.swift */ = {isa = PBXFileReference; lastKnownFileType = sourcecode.swift; path = Displayable.swift; sourceTree = "<group>"; };
		52AE22C024D7B58F006F237B /* GameTableViewCell.swift */ = {isa = PBXFileReference; lastKnownFileType = sourcecode.swift; path = GameTableViewCell.swift; sourceTree = "<group>"; };
		52AE22C124D7B58F006F237B /* GameTableViewCell.xib */ = {isa = PBXFileReference; lastKnownFileType = file.xib; path = GameTableViewCell.xib; sourceTree = "<group>"; };
		52E2D73424D5CD1D001330BD /* GameModel.swift */ = {isa = PBXFileReference; lastKnownFileType = sourcecode.swift; path = GameModel.swift; sourceTree = "<group>"; };
		52E2D73624D5D20D001330BD /* GameResponse.swift */ = {isa = PBXFileReference; lastKnownFileType = sourcecode.swift; path = GameResponse.swift; sourceTree = "<group>"; };
		68EC27A0E365B71472327180 /* Pods-YuGame.release.xcconfig */ = {isa = PBXFileReference; includeInIndex = 1; lastKnownFileType = text.xcconfig; name = "Pods-YuGame.release.xcconfig"; path = "Target Support Files/Pods-YuGame/Pods-YuGame.release.xcconfig"; sourceTree = "<group>"; };
		E9903C5EA99277108D706D04 /* Pods-YuGame.debug.xcconfig */ = {isa = PBXFileReference; includeInIndex = 1; lastKnownFileType = text.xcconfig; name = "Pods-YuGame.debug.xcconfig"; path = "Target Support Files/Pods-YuGame/Pods-YuGame.debug.xcconfig"; sourceTree = "<group>"; };
/* End PBXFileReference section */

/* Begin PBXFrameworksBuildPhase section */
		5288430C24CBECEF00F0D31B /* Frameworks */ = {
			isa = PBXFrameworksBuildPhase;
			buildActionMask = 2147483647;
			files = (
				8B159B6B328BB7A52874AF99 /* Pods_YuGame.framework in Frameworks */,
			);
			runOnlyForDeploymentPostprocessing = 0;
		};
/* End PBXFrameworksBuildPhase section */

/* Begin PBXGroup section */
		5288430624CBECEF00F0D31B = {
			isa = PBXGroup;
			children = (
				5288431124CBECEF00F0D31B /* YuGame */,
				5288431024CBECEF00F0D31B /* Products */,
				A0829032CF40150FA8F5A6F7 /* Pods */,
				A97103CD7635F4909B014D32 /* Frameworks */,
			);
			sourceTree = "<group>";
		};
		5288431024CBECEF00F0D31B /* Products */ = {
			isa = PBXGroup;
			children = (
				5288430F24CBECEF00F0D31B /* YuGame.app */,
			);
			name = Products;
			sourceTree = "<group>";
		};
		5288431124CBECEF00F0D31B /* YuGame */ = {
			isa = PBXGroup;
			children = (
				52AE22BB24D7B4A8006F237B /* Base */,
				52AE22BA24D7B4A2006F237B /* View */,
				52E2D73324D5CD10001330BD /* Model */,
				5288432624CC050200F0D31B /* Controller */,
				5288431B24CBECF200F0D31B /* Assets.xcassets */,
				5288431D24CBECF200F0D31B /* LaunchScreen.storyboard */,
				5288432024CBECF200F0D31B /* Info.plist */,
			);
			path = YuGame;
			sourceTree = "<group>";
		};
		5288432624CC050200F0D31B /* Controller */ = {
			isa = PBXGroup;
			children = (
				52AE22C024D7B58F006F237B /* GameTableViewCell.swift */,
				5288431624CBECEF00F0D31B /* ViewController.swift */,
				5288432724CC054800F0D31B /* AboutViewController.swift */,
			);
			path = Controller;
			sourceTree = "<group>";
		};
		52AE22BA24D7B4A2006F237B /* View */ = {
			isa = PBXGroup;
			children = (
				5288431824CBECEF00F0D31B /* Main.storyboard */,
				52AE22C124D7B58F006F237B /* GameTableViewCell.xib */,
			);
			path = View;
			sourceTree = "<group>";
		};
		52AE22BB24D7B4A8006F237B /* Base */ = {
			isa = PBXGroup;
			children = (
				5288431224CBECEF00F0D31B /* AppDelegate.swift */,
				5288431424CBECEF00F0D31B /* SceneDelegate.swift */,
			);
			path = Base;
			sourceTree = "<group>";
		};
		52E2D73324D5CD10001330BD /* Model */ = {
			isa = PBXGroup;
			children = (
				52E2D73424D5CD1D001330BD /* GameModel.swift */,
				52E2D73624D5D20D001330BD /* GameResponse.swift */,
				528F03D224D7C8AE007C4941 /* Displayable.swift */,
			);
			path = Model;
			sourceTree = "<group>";
		};
		A0829032CF40150FA8F5A6F7 /* Pods */ = {
			isa = PBXGroup;
			children = (
				E9903C5EA99277108D706D04 /* Pods-YuGame.debug.xcconfig */,
				68EC27A0E365B71472327180 /* Pods-YuGame.release.xcconfig */,
			);
			path = Pods;
			sourceTree = "<group>";
		};
		A97103CD7635F4909B014D32 /* Frameworks */ = {
			isa = PBXGroup;
			children = (
				02D682EA3D10DD5E4B40AC36 /* Pods_YuGame.framework */,
			);
			name = Frameworks;
			sourceTree = "<group>";
		};
/* End PBXGroup section */

/* Begin PBXNativeTarget section */
		5288430E24CBECEF00F0D31B /* YuGame */ = {
			isa = PBXNativeTarget;
			buildConfigurationList = 5288432324CBECF200F0D31B /* Build configuration list for PBXNativeTarget "YuGame" */;
			buildPhases = (
				ABE07586851B10F079D31A5A /* [CP] Check Pods Manifest.lock */,
				5288430B24CBECEF00F0D31B /* Sources */,
				5288430C24CBECEF00F0D31B /* Frameworks */,
				5288430D24CBECEF00F0D31B /* Resources */,
				C5263E67C0563652D25FAAFE /* [CP] Embed Pods Frameworks */,
			);
			buildRules = (
			);
			dependencies = (
			);
			name = YuGame;
			productName = YuGame;
			productReference = 5288430F24CBECEF00F0D31B /* YuGame.app */;
			productType = "com.apple.product-type.application";
		};
/* End PBXNativeTarget section */

/* Begin PBXProject section */
		5288430724CBECEF00F0D31B /* Project object */ = {
			isa = PBXProject;
			attributes = {
				LastSwiftUpdateCheck = 1120;
				LastUpgradeCheck = 1120;
				ORGANIZATIONNAME = KaryaLokalStudio;
				TargetAttributes = {
					5288430E24CBECEF00F0D31B = {
						CreatedOnToolsVersion = 11.2;
					};
				};
			};
			buildConfigurationList = 5288430A24CBECEF00F0D31B /* Build configuration list for PBXProject "YuGame" */;
			compatibilityVersion = "Xcode 9.3";
			developmentRegion = en;
			hasScannedForEncodings = 0;
			knownRegions = (
				en,
				Base,
			);
			mainGroup = 5288430624CBECEF00F0D31B;
			productRefGroup = 5288431024CBECEF00F0D31B /* Products */;
			projectDirPath = "";
			projectRoot = "";
			targets = (
				5288430E24CBECEF00F0D31B /* YuGame */,
			);
		};
/* End PBXProject section */

/* Begin PBXResourcesBuildPhase section */
		5288430D24CBECEF00F0D31B /* Resources */ = {
			isa = PBXResourcesBuildPhase;
			buildActionMask = 2147483647;
			files = (
				5288431F24CBECF200F0D31B /* LaunchScreen.storyboard in Resources */,
				5288431C24CBECF200F0D31B /* Assets.xcassets in Resources */,
				5288431A24CBECEF00F0D31B /* Main.storyboard in Resources */,
				52AE22C324D7B58F006F237B /* GameTableViewCell.xib in Resources */,
			);
			runOnlyForDeploymentPostprocessing = 0;
		};
/* End PBXResourcesBuildPhase section */

/* Begin PBXShellScriptBuildPhase section */
		ABE07586851B10F079D31A5A /* [CP] Check Pods Manifest.lock */ = {
			isa = PBXShellScriptBuildPhase;
			buildActionMask = 2147483647;
			files = (
			);
			inputFileListPaths = (
			);
			inputPaths = (
				"${PODS_PODFILE_DIR_PATH}/Podfile.lock",
				"${PODS_ROOT}/Manifest.lock",
			);
			name = "[CP] Check Pods Manifest.lock";
			outputFileListPaths = (
			);
			outputPaths = (
				"$(DERIVED_FILE_DIR)/Pods-YuGame-checkManifestLockResult.txt",
			);
			runOnlyForDeploymentPostprocessing = 0;
			shellPath = /bin/sh;
			shellScript = "diff \"${PODS_PODFILE_DIR_PATH}/Podfile.lock\" \"${PODS_ROOT}/Manifest.lock\" > /dev/null\nif [ $? != 0 ] ; then\n    # print error to STDERR\n    echo \"error: The sandbox is not in sync with the Podfile.lock. Run 'pod install' or update your CocoaPods installation.\" >&2\n    exit 1\nfi\n# This output is used by Xcode 'outputs' to avoid re-running this script phase.\necho \"SUCCESS\" > \"${SCRIPT_OUTPUT_FILE_0}\"\n";
			showEnvVarsInLog = 0;
		};
		C5263E67C0563652D25FAAFE /* [CP] Embed Pods Frameworks */ = {
			isa = PBXShellScriptBuildPhase;
			buildActionMask = 2147483647;
			files = (
			);
			inputFileListPaths = (
				"${PODS_ROOT}/Target Support Files/Pods-YuGame/Pods-YuGame-frameworks-${CONFIGURATION}-input-files.xcfilelist",
			);
			name = "[CP] Embed Pods Frameworks";
			outputFileListPaths = (
				"${PODS_ROOT}/Target Support Files/Pods-YuGame/Pods-YuGame-frameworks-${CONFIGURATION}-output-files.xcfilelist",
			);
			runOnlyForDeploymentPostprocessing = 0;
			shellPath = /bin/sh;
			shellScript = "\"${PODS_ROOT}/Target Support Files/Pods-YuGame/Pods-YuGame-frameworks.sh\"\n";
			showEnvVarsInLog = 0;
		};
/* End PBXShellScriptBuildPhase section */

/* Begin PBXSourcesBuildPhase section */
		5288430B24CBECEF00F0D31B /* Sources */ = {
			isa = PBXSourcesBuildPhase;
			buildActionMask = 2147483647;
			files = (
				52AE22C224D7B58F006F237B /* GameTableViewCell.swift in Sources */,
				52E2D73524D5CD1D001330BD /* GameModel.swift in Sources */,
				5288431724CBECEF00F0D31B /* ViewController.swift in Sources */,
				52E2D73724D5D20D001330BD /* GameResponse.swift in Sources */,
				5288431324CBECEF00F0D31B /* AppDelegate.swift in Sources */,
				5288432824CC054800F0D31B /* AboutViewController.swift in Sources */,
				528F03D324D7C8AE007C4941 /* Displayable.swift in Sources */,
				5288431524CBECEF00F0D31B /* SceneDelegate.swift in Sources */,
			);
			runOnlyForDeploymentPostprocessing = 0;
		};
/* End PBXSourcesBuildPhase section */

/* Begin PBXVariantGroup section */
		5288431824CBECEF00F0D31B /* Main.storyboard */ = {
			isa = PBXVariantGroup;
			children = (
				5288431924CBECEF00F0D31B /* Base */,
			);
			name = Main.storyboard;
			sourceTree = "<group>";
		};
		5288431D24CBECF200F0D31B /* LaunchScreen.storyboard */ = {
			isa = PBXVariantGroup;
			children = (
				5288431E24CBECF200F0D31B /* Base */,
			);
			name = LaunchScreen.storyboard;
			sourceTree = "<group>";
		};
/* End PBXVariantGroup section */

/* Begin XCBuildConfiguration section */
		5288432124CBECF200F0D31B /* Debug */ = {
			isa = XCBuildConfiguration;
			buildSettings = {
				ALWAYS_SEARCH_USER_PATHS = NO;
				CLANG_ANALYZER_NONNULL = YES;
				CLANG_ANALYZER_NUMBER_OBJECT_CONVERSION = YES_AGGRESSIVE;
				CLANG_CXX_LANGUAGE_STANDARD = "gnu++14";
				CLANG_CXX_LIBRARY = "libc++";
				CLANG_ENABLE_MODULES = YES;
				CLANG_ENABLE_OBJC_ARC = YES;
				CLANG_ENABLE_OBJC_WEAK = YES;
				CLANG_WARN_BLOCK_CAPTURE_AUTORELEASING = YES;
				CLANG_WARN_BOOL_CONVERSION = YES;
				CLANG_WARN_COMMA = YES;
				CLANG_WARN_CONSTANT_CONVERSION = YES;
				CLANG_WARN_DEPRECATED_OBJC_IMPLEMENTATIONS = YES;
				CLANG_WARN_DIRECT_OBJC_ISA_USAGE = YES_ERROR;
				CLANG_WARN_DOCUMENTATION_COMMENTS = YES;
				CLANG_WARN_EMPTY_BODY = YES;
				CLANG_WARN_ENUM_CONVERSION = YES;
				CLANG_WARN_INFINITE_RECURSION = YES;
				CLANG_WARN_INT_CONVERSION = YES;
				CLANG_WARN_NON_LITERAL_NULL_CONVERSION = YES;
				CLANG_WARN_OBJC_IMPLICIT_RETAIN_SELF = YES;
				CLANG_WARN_OBJC_LITERAL_CONVERSION = YES;
				CLANG_WARN_OBJC_ROOT_CLASS = YES_ERROR;
				CLANG_WARN_RANGE_LOOP_ANALYSIS = YES;
				CLANG_WARN_STRICT_PROTOTYPES = YES;
				CLANG_WARN_SUSPICIOUS_MOVE = YES;
				CLANG_WARN_UNGUARDED_AVAILABILITY = YES_AGGRESSIVE;
				CLANG_WARN_UNREACHABLE_CODE = YES;
				CLANG_WARN__DUPLICATE_METHOD_MATCH = YES;
				COPY_PHASE_STRIP = NO;
				DEBUG_INFORMATION_FORMAT = dwarf;
				ENABLE_STRICT_OBJC_MSGSEND = YES;
				ENABLE_TESTABILITY = YES;
				GCC_C_LANGUAGE_STANDARD = gnu11;
				GCC_DYNAMIC_NO_PIC = NO;
				GCC_NO_COMMON_BLOCKS = YES;
				GCC_OPTIMIZATION_LEVEL = 0;
				GCC_PREPROCESSOR_DEFINITIONS = (
					"DEBUG=1",
					"$(inherited)",
				);
				GCC_WARN_64_TO_32_BIT_CONVERSION = YES;
				GCC_WARN_ABOUT_RETURN_TYPE = YES_ERROR;
				GCC_WARN_UNDECLARED_SELECTOR = YES;
				GCC_WARN_UNINITIALIZED_AUTOS = YES_AGGRESSIVE;
				GCC_WARN_UNUSED_FUNCTION = YES;
				GCC_WARN_UNUSED_VARIABLE = YES;
				IPHONEOS_DEPLOYMENT_TARGET = 13.2;
				MTL_ENABLE_DEBUG_INFO = INCLUDE_SOURCE;
				MTL_FAST_MATH = YES;
				ONLY_ACTIVE_ARCH = YES;
				SDKROOT = iphoneos;
				SWIFT_ACTIVE_COMPILATION_CONDITIONS = DEBUG;
				SWIFT_OPTIMIZATION_LEVEL = "-Onone";
			};
			name = Debug;
		};
		5288432224CBECF200F0D31B /* Release */ = {
			isa = XCBuildConfiguration;
			buildSettings = {
				ALWAYS_SEARCH_USER_PATHS = NO;
				CLANG_ANALYZER_NONNULL = YES;
				CLANG_ANALYZER_NUMBER_OBJECT_CONVERSION = YES_AGGRESSIVE;
				CLANG_CXX_LANGUAGE_STANDARD = "gnu++14";
				CLANG_CXX_LIBRARY = "libc++";
				CLANG_ENABLE_MODULES = YES;
				CLANG_ENABLE_OBJC_ARC = YES;
				CLANG_ENABLE_OBJC_WEAK = YES;
				CLANG_WARN_BLOCK_CAPTURE_AUTORELEASING = YES;
				CLANG_WARN_BOOL_CONVERSION = YES;
				CLANG_WARN_COMMA = YES;
				CLANG_WARN_CONSTANT_CONVERSION = YES;
				CLANG_WARN_DEPRECATED_OBJC_IMPLEMENTATIONS = YES;
				CLANG_WARN_DIRECT_OBJC_ISA_USAGE = YES_ERROR;
				CLANG_WARN_DOCUMENTATION_COMMENTS = YES;
				CLANG_WARN_EMPTY_BODY = YES;
				CLANG_WARN_ENUM_CONVERSION = YES;
				CLANG_WARN_INFINITE_RECURSION = YES;
				CLANG_WARN_INT_CONVERSION = YES;
				CLANG_WARN_NON_LITERAL_NULL_CONVERSION = YES;
				CLANG_WARN_OBJC_IMPLICIT_RETAIN_SELF = YES;
				CLANG_WARN_OBJC_LITERAL_CONVERSION = YES;
				CLANG_WARN_OBJC_ROOT_CLASS = YES_ERROR;
				CLANG_WARN_RANGE_LOOP_ANALYSIS = YES;
				CLANG_WARN_STRICT_PROTOTYPES = YES;
				CLANG_WARN_SUSPICIOUS_MOVE = YES;
				CLANG_WARN_UNGUARDED_AVAILABILITY = YES_AGGRESSIVE;
				CLANG_WARN_UNREACHABLE_CODE = YES;
				CLANG_WARN__DUPLICATE_METHOD_MATCH = YES;
				COPY_PHASE_STRIP = NO;
				DEBUG_INFORMATION_FORMAT = "dwarf-with-dsym";
				ENABLE_NS_ASSERTIONS = NO;
				ENABLE_STRICT_OBJC_MSGSEND = YES;
				GCC_C_LANGUAGE_STANDARD = gnu11;
				GCC_NO_COMMON_BLOCKS = YES;
				GCC_WARN_64_TO_32_BIT_CONVERSION = YES;
				GCC_WARN_ABOUT_RETURN_TYPE = YES_ERROR;
				GCC_WARN_UNDECLARED_SELECTOR = YES;
				GCC_WARN_UNINITIALIZED_AUTOS = YES_AGGRESSIVE;
				GCC_WARN_UNUSED_FUNCTION = YES;
				GCC_WARN_UNUSED_VARIABLE = YES;
				IPHONEOS_DEPLOYMENT_TARGET = 13.2;
				MTL_ENABLE_DEBUG_INFO = NO;
				MTL_FAST_MATH = YES;
				SDKROOT = iphoneos;
				SWIFT_COMPILATION_MODE = wholemodule;
				SWIFT_OPTIMIZATION_LEVEL = "-O";
				VALIDATE_PRODUCT = YES;
			};
			name = Release;
		};
		5288432424CBECF200F0D31B /* Debug */ = {
			isa = XCBuildConfiguration;
			baseConfigurationReference = E9903C5EA99277108D706D04 /* Pods-YuGame.debug.xcconfig */;
			buildSettings = {
				ASSETCATALOG_COMPILER_APPICON_NAME = AppIcon;
				CODE_SIGN_STYLE = Automatic;
				INFOPLIST_FILE = YuGame/Info.plist;
				LD_RUNPATH_SEARCH_PATHS = (
					"$(inherited)",
					"@executable_path/Frameworks",
				);
				PRODUCT_BUNDLE_IDENTIFIER = com.kls.YuGame;
				PRODUCT_NAME = "$(TARGET_NAME)";
				SWIFT_VERSION = 5.0;
				TARGETED_DEVICE_FAMILY = "1,2";
			};
			name = Debug;
		};
		5288432524CBECF200F0D31B /* Release */ = {
			isa = XCBuildConfiguration;
			baseConfigurationReference = 68EC27A0E365B71472327180 /* Pods-YuGame.release.xcconfig */;
			buildSettings = {
				ASSETCATALOG_COMPILER_APPICON_NAME = AppIcon;
				CODE_SIGN_STYLE = Automatic;
				INFOPLIST_FILE = YuGame/Info.plist;
				LD_RUNPATH_SEARCH_PATHS = (
					"$(inherited)",
					"@executable_path/Frameworks",
				);
				PRODUCT_BUNDLE_IDENTIFIER = com.kls.YuGame;
				PRODUCT_NAME = "$(TARGET_NAME)";
				SWIFT_VERSION = 5.0;
				TARGETED_DEVICE_FAMILY = "1,2";
			};
			name = Release;
		};
/* End XCBuildConfiguration section */

/* Begin XCConfigurationList section */
		5288430A24CBECEF00F0D31B /* Build configuration list for PBXProject "YuGame" */ = {
			isa = XCConfigurationList;
			buildConfigurations = (
				5288432124CBECF200F0D31B /* Debug */,
				5288432224CBECF200F0D31B /* Release */,
			);
			defaultConfigurationIsVisible = 0;
			defaultConfigurationName = Release;
		};
		5288432324CBECF200F0D31B /* Build configuration list for PBXNativeTarget "YuGame" */ = {
			isa = XCConfigurationList;
			buildConfigurations = (
				5288432424CBECF200F0D31B /* Debug */,
				5288432524CBECF200F0D31B /* Release */,
			);
			defaultConfigurationIsVisible = 0;
			defaultConfigurationName = Release;
		};
/* End XCConfigurationList section */
	};
	rootObject = 5288430724CBECEF00F0D31B /* Project object */;
}
